// !$*UTF8*$!
{
	archiveVersion = 1;
	classes = {
	};
	objectVersion = 77;
	objects = {

/* Begin PBXBuildFile section */
		17F4971D305E1D0200F5C27E /* Assets.xcassets in Resources */ = {isa = PBXBuildFile; fileRef = 17F49718305E1D0200F5C27E /* Assets.xcassets */; };
		17F4971E305E1D0200F5C27E /* RootView.swift in Sources */ = {isa = PBXBuildFile; fileRef = 17F49719305E1D0200F5C27E /* RootView.swift */; };
		17F4971F305E1D0200F5C27E /* FullrApp.swift in Sources */ = {isa = PBXBuildFile; fileRef = 17F4971A305E1D0200F5C27E /* FullrApp.swift */; };
		17F49720305E1D0200F5C27E /* Item.swift in Sources */ = {isa = PBXBuildFile; fileRef = 17F4971B305E1D0200F5C27E /* Item.swift */; };
		17F49743305E5EA500F5C27E /* AppViewModel.swift in Sources */ = {isa = PBXBuildFile; fileRef = 17F49742305E5EA500F5C27E /* AppViewModel.swift */; };
		17F49745305E5EA600F5C27E /* FullrTabView.swift in Sources */ = {isa = PBXBuildFile; fileRef = 17F49744305E5EA600F5C27E /* FullrTabView.swift */; };
		17F49747305E5EA700F5C27E /* AppUser.swift in Sources */ = {isa = PBXBuildFile; fileRef = 17F49746305E5EA700F5C27E /* AppUser.swift */; };
		17F49749305E5EA700F5C27E /* OfferingFilter.swift in Sources */ = {isa = PBXBuildFile; fileRef = 17F49748305E5EA700F5C27E /* OfferingFilter.swift */; };
		17F4974B305E5EC800F5C27E /* FoodOffering.swift in Sources */ = {isa = PBXBuildFile; fileRef = 17F4974A305E5EC800F5C27E /* FoodOffering.swift */; };
		17F4974D305E5EC900F5C27E /* AuthService.swift in Sources */ = {isa = PBXBuildFile; fileRef = 17F4974C305E5EC900F5C27E /* AuthService.swift */; };
		17F4974F305E5EC900F5C27E /* FoodOfferingService.swift in Sources */ = {isa = PBXBuildFile; fileRef = 17F4974E305E5EC900F5C27E /* FoodOfferingService.swift */; };
		17F49751305E5EDB00F5C27E /* LoginViewModel.swift in Sources */ = {isa = PBXBuildFile; fileRef = 17F49750305E5EDB00F5C27E /* LoginViewModel.swift */; };
		17F49753305E5EDC00F5C27E /* LoginView.swift in Sources */ = {isa = PBXBuildFile; fileRef = 17F49752305E5EDC00F5C27E /* LoginView.swift */; };
		17F49755305E5EFB00F5C27E /* HomeViewModel.swift in Sources */ = {isa = PBXBuildFile; fileRef = 17F49754305E5EFB00F5C27E /* HomeViewModel.swift */; };
		17F49757305E5EFC00F5C27E /* FoodOfferingCard.swift in Sources */ = {isa = PBXBuildFile; fileRef = 17F49756305E5EFC00F5C27E /* FoodOfferingCard.swift */; };
		17F49759305E5EFC00F5C27E /* HomeView.swift in Sources */ = {isa = PBXBuildFile; fileRef = 17F49758305E5EFC00F5C27E /* HomeView.swift */; };
		17F4975B305E5F1400F5C27E /* MapViewModel.swift in Sources */ = {isa = PBXBuildFile; fileRef = 17F4975A305E5F1400F5C27E /* MapViewModel.swift */; };
		17F4975D305E5F1400F5C27E /* MapScreenView.swift in Sources */ = {isa = PBXBuildFile; fileRef = 17F4975C305E5F1400F5C27E /* MapScreenView.swift */; };
		17F4975F305E5F1500F5C27E /* SettingsViewModel.swift in Sources */ = {isa = PBXBuildFile; fileRef = 17F4975E305E5F1500F5C27E /* SettingsViewModel.swift */; };
		17F49761305E5F1500F5C27E /* SettingsView.swift in Sources */ = {isa = PBXBuildFile; fileRef = 17F49760305E5F1500F5C27E /* SettingsView.swift */; };
		17F49763305EF7C900F5C27E /* SupabaseClientProvider.swift in Sources */ = {isa = PBXBuildFile; fileRef = 17F49762305EF7C900F5C27E /* SupabaseClientProvider.swift */; };
		17F49766305F2BC200F5C27E /* Kingfisher in Frameworks */ = {isa = PBXBuildFile; productRef = 17F49765305F2BC200F5C27E /* Kingfisher */; };
/* End PBXBuildFile section */

/* Begin PBXFileReference section */
		17F49708305E1CFB00F5C27E /* Fullr.app */ = {isa = PBXFileReference; explicitFileType = wrapper.application; includeInIndex = 0; path = Fullr.app; sourceTree = BUILT_PRODUCTS_DIR; };
		17F49718305E1D0200F5C27E /* Assets.xcassets */ = {isa = PBXFileReference; lastKnownFileType = folder.assetcatalog; path = Assets.xcassets; sourceTree = "<group>"; };
		17F49719305E1D0200F5C27E /* RootView.swift */ = {isa = PBXFileReference; lastKnownFileType = sourcecode.swift; path = RootView.swift; sourceTree = "<group>"; };
		17F4971A305E1D0200F5C27E /* FullrApp.swift */ = {isa = PBXFileReference; lastKnownFileType = sourcecode.swift; path = FullrApp.swift; sourceTree = "<group>"; };
		17F4971B305E1D0200F5C27E /* Item.swift */ = {isa = PBXFileReference; lastKnownFileType = sourcecode.swift; path = Item.swift; sourceTree = "<group>"; };
		17F49742305E5EA500F5C27E /* AppViewModel.swift */ = {isa = PBXFileReference; lastKnownFileType = sourcecode.swift; path = AppViewModel.swift; sourceTree = "<group>"; };
		17F49744305E5EA600F5C27E /* FullrTabView.swift */ = {isa = PBXFileReference; lastKnownFileType = sourcecode.swift; path = FullrTabView.swift; sourceTree = "<group>"; };
		17F49746305E5EA700F5C27E /* AppUser.swift */ = {isa = PBXFileReference; lastKnownFileType = sourcecode.swift; path = AppUser.swift; sourceTree = "<group>"; };
		17F49748305E5EA700F5C27E /* OfferingFilter.swift */ = {isa = PBXFileReference; lastKnownFileType = sourcecode.swift; path = OfferingFilter.swift; sourceTree = "<group>"; };
		17F4974A305E5EC800F5C27E /* FoodOffering.swift */ = {isa = PBXFileReference; lastKnownFileType = sourcecode.swift; path = FoodOffering.swift; sourceTree = "<group>"; };
		17F4974C305E5EC900F5C27E /* AuthService.swift */ = {isa = PBXFileReference; lastKnownFileType = sourcecode.swift; path = AuthService.swift; sourceTree = "<group>"; };
		17F4974E305E5EC900F5C27E /* FoodOfferingService.swift */ = {isa = PBXFileReference; lastKnownFileType = sourcecode.swift; path = FoodOfferingService.swift; sourceTree = "<group>"; };
		17F49750305E5EDB00F5C27E /* LoginViewModel.swift */ = {isa = PBXFileReference; lastKnownFileType = sourcecode.swift; path = LoginViewModel.swift; sourceTree = "<group>"; };
		17F49752305E5EDC00F5C27E /* LoginView.swift */ = {isa = PBXFileReference; lastKnownFileType = sourcecode.swift; path = LoginView.swift; sourceTree = "<group>"; };
		17F49754305E5EFB00F5C27E /* HomeViewModel.swift */ = {isa = PBXFileReference; lastKnownFileType = sourcecode.swift; path = HomeViewModel.swift; sourceTree = "<group>"; };
		17F49756305E5EFC00F5C27E /* FoodOfferingCard.swift */ = {isa = PBXFileReference; lastKnownFileType = sourcecode.swift; path = FoodOfferingCard.swift; sourceTree = "<group>"; };
		17F49758305E5EFC00F5C27E /* HomeView.swift */ = {isa = PBXFileReference; lastKnownFileType = sourcecode.swift; path = HomeView.swift; sourceTree = "<group>"; };
		17F4975A305E5F1400F5C27E /* MapViewModel.swift */ = {isa = PBXFileReference; lastKnownFileType = sourcecode.swift; path = MapViewModel.swift; sourceTree = "<group>"; };
		17F4975C305E5F1400F5C27E /* MapScreenView.swift */ = {isa = PBXFileReference; lastKnownFileType = sourcecode.swift; path = MapScreenView.swift; sourceTree = "<group>"; };
		17F4975E305E5F1500F5C27E /* SettingsViewModel.swift */ = {isa = PBXFileReference; lastKnownFileType = sourcecode.swift; path = SettingsViewModel.swift; sourceTree = "<group>"; };
		17F49760305E5F1500F5C27E /* SettingsView.swift */ = {isa = PBXFileReference; lastKnownFileType = sourcecode.swift; path = SettingsView.swift; sourceTree = "<group>"; };
		17F49762305EF7C900F5C27E /* SupabaseClientProvider.swift */ = {isa = PBXFileReference; lastKnownFileType = sourcecode.swift; path = SupabaseClientProvider.swift; sourceTree = "<group>"; };
/* End PBXFileReference section */

/* Begin PBXFrameworksBuildPhase section */
		17F49705305E1CFB00F5C27E /* Frameworks */ = {
			isa = PBXFrameworksBuildPhase;
			buildActionMask = 2147483647;
			files = (
				17F49766305F2BC200F5C27E /* Kingfisher in Frameworks */,
			);
			runOnlyForDeploymentPostprocessing = 0;
		};
/* End PBXFrameworksBuildPhase section */

/* Begin PBXGroup section */
		17F496FF305E1CFB00F5C27E = {
			isa = PBXGroup;
			children = (
				17F4971C305E1D0200F5C27E /* Fullr */,
				17F49709305E1CFB00F5C27E /* Products */,
			);
			sourceTree = "<group>";
		};
		17F49709305E1CFB00F5C27E /* Products */ = {
			isa = PBXGroup;
			children = (
				17F49708305E1CFB00F5C27E /* Fullr.app */,
			);
			name = Products;
			sourceTree = "<group>";
		};
		17F4971C305E1D0200F5C27E /* Fullr */ = {
			isa = PBXGroup;
			children = (
				17F49718305E1D0200F5C27E /* Assets.xcassets */,
				17F49719305E1D0200F5C27E /* RootView.swift */,
				17F4971A305E1D0200F5C27E /* FullrApp.swift */,
				17F4971B305E1D0200F5C27E /* Item.swift */,
				17F4973A305E5E8D00F5C27E /* App */,
				17F4973B305E5E8E00F5C27E /* Models */,
				17F4973C305E5E8E00F5C27E /* Services */,
				17F4973D305E5E8E00F5C27E /* Features */,
			);
			path = Fullr;
			sourceTree = "<group>";
		};
		17F4973A305E5E8D00F5C27E /* App */ = {
			isa = PBXGroup;
			children = (
				17F49742305E5EA500F5C27E /* AppViewModel.swift */,
				17F49744305E5EA600F5C27E /* FullrTabView.swift */,
			);
			path = App;
			sourceTree = "<group>";
		};
		17F4973B305E5E8E00F5C27E /* Models */ = {
			isa = PBXGroup;
			children = (
				17F49746305E5EA700F5C27E /* AppUser.swift */,
				17F49748305E5EA700F5C27E /* OfferingFilter.swift */,
				17F4974A305E5EC800F5C27E /* FoodOffering.swift */,
			);
			path = Models;
			sourceTree = "<group>";
		};
		17F4973C305E5E8E00F5C27E /* Services */ = {
			isa = PBXGroup;
			children = (
				17F4974C305E5EC900F5C27E /* AuthService.swift */,
				17F4974E305E5EC900F5C27E /* FoodOfferingService.swift */,
				17F49762305EF7C900F5C27E /* SupabaseClientProvider.swift */,
			);
			path = Services;
			sourceTree = "<group>";
		};
		17F4973D305E5E8E00F5C27E /* Features */ = {
			isa = PBXGroup;
			children = (
				17F4973E305E5E8F00F5C27E /* Login */,
				17F4973F305E5E8F00F5C27E /* Home */,
				17F49740305E5E9000F5C27E /* Map */,
				17F49741305E5E9000F5C27E /* Settings */,
			);
			path = Features;
			sourceTree = "<group>";
		};
		17F4973E305E5E8F00F5C27E /* Login */ = {
			isa = PBXGroup;
			children = (
				17F49750305E5EDB00F5C27E /* LoginViewModel.swift */,
				17F49752305E5EDC00F5C27E /* LoginView.swift */,
			);
			path = Login;
			sourceTree = "<group>";
		};
		17F4973F305E5E8F00F5C27E /* Home */ = {
			isa = PBXGroup;
			children = (
				17F49754305E5EFB00F5C27E /* HomeViewModel.swift */,
				17F49756305E5EFC00F5C27E /* FoodOfferingCard.swift */,
				17F49758305E5EFC00F5C27E /* HomeView.swift */,
			);
			path = Home;
			sourceTree = "<group>";
		};
		17F49740305E5E9000F5C27E /* Map */ = {
			isa = PBXGroup;
			children = (
				17F4975A305E5F1400F5C27E /* MapViewModel.swift */,
				17F4975C305E5F1400F5C27E /* MapScreenView.swift */,
			);
			path = Map;
			sourceTree = "<group>";
		};
		17F49741305E5E9000F5C27E /* Settings */ = {
			isa = PBXGroup;
			children = (
				17F4975E305E5F1500F5C27E /* SettingsViewModel.swift */,
				17F49760305E5F1500F5C27E /* SettingsView.swift */,
			);
			path = Settings;
			sourceTree = "<group>";
		};
/* End PBXGroup section */

/* Begin PBXNativeTarget section */
		17F49707305E1CFB00F5C27E /* Fullr */ = {
			isa = PBXNativeTarget;
			buildConfigurationList = 17F49715305E1CFC00F5C27E /* Build configuration list for PBXNativeTarget "Fullr" */;
			buildPhases = (
				17F49704305E1CFB00F5C27E /* Sources */,
				17F49705305E1CFB00F5C27E /* Frameworks */,
				17F49706305E1CFB00F5C27E /* Resources */,
			);
			buildRules = (
			);
			dependencies = (
			);
			name = Fullr;
			packageProductDependencies = (
				17F49765305F2BC200F5C27E /* Kingfisher */,
			);
			productName = Fullr;
			productReference = 17F49708305E1CFB00F5C27E /* Fullr.app */;
			productType = "com.apple.product-type.application";
		};
/* End PBXNativeTarget section */

/* Begin PBXProject section */
		17F49700305E1CFB00F5C27E /* Project object */ = {
			isa = PBXProject;
			attributes = {
				BuildIndependentTargetsInParallel = 1;
				LastSwiftUpdateCheck = 2660;
				LastUpgradeCheck = 2660;
				TargetAttributes = {
					17F49707305E1CFB00F5C27E = {
						CreatedOnToolsVersion = 26.6;
					};
				};
			};
			buildConfigurationList = 17F49703305E1CFB00F5C27E /* Build configuration list for PBXProject "Fullr" */;
			developmentRegion = en;
			hasScannedForEncodings = 0;
			knownRegions = (
				en,
				Base,
			);
			mainGroup = 17F496FF305E1CFB00F5C27E;
			minimizedProjectReferenceProxies = 1;
			packageReferences = (
				17F49764305F2BC200F5C27E /* XCRemoteSwiftPackageReference "Kingfisher" */,
			);
			preferredProjectObjectVersion = 77;
			productRefGroup = 17F49709305E1CFB00F5C27E /* Products */;
			projectDirPath = "";
			projectRoot = "";
			targets = (
				17F49707305E1CFB00F5C27E /* Fullr */,
			);
		};
/* End PBXProject section */

/* Begin PBXResourcesBuildPhase section */
		17F49706305E1CFB00F5C27E /* Resources */ = {
			isa = PBXResourcesBuildPhase;
			buildActionMask = 2147483647;
			files = (
				17F4971D305E1D0200F5C27E /* Assets.xcassets in Resources */,
			);
			runOnlyForDeploymentPostprocessing = 0;
		};
/* End PBXResourcesBuildPhase section */

/* Begin PBXSourcesBuildPhase section */
		17F49704305E1CFB00F5C27E /* Sources */ = {
			isa = PBXSourcesBuildPhase;
			buildActionMask = 2147483647;
			files = (
				17F49749305E5EA700F5C27E /* OfferingFilter.swift in Sources */,
				17F49757305E5EFC00F5C27E /* FoodOfferingCard.swift in Sources */,
				17F4971E305E1D0200F5C27E /* RootView.swift in Sources */,
				17F49759305E5EFC00F5C27E /* HomeView.swift in Sources */,
				17F49751305E5EDB00F5C27E /* LoginViewModel.swift in Sources */,
				17F49763305EF7C900F5C27E /* SupabaseClientProvider.swift in Sources */,
				17F4971F305E1D0200F5C27E /* FullrApp.swift in Sources */,
				17F4974D305E5EC900F5C27E /* AuthService.swift in Sources */,
				17F4975B305E5F1400F5C27E /* MapViewModel.swift in Sources */,
				17F49745305E5EA600F5C27E /* FullrTabView.swift in Sources */,
				17F49753305E5EDC00F5C27E /* LoginView.swift in Sources */,
				17F4975D305E5F1400F5C27E /* MapScreenView.swift in Sources */,
				17F4974F305E5EC900F5C27E /* FoodOfferingService.swift in Sources */,
				17F49755305E5EFB00F5C27E /* HomeViewModel.swift in Sources */,
				17F49743305E5EA500F5C27E /* AppViewModel.swift in Sources */,
				17F4974B305E5EC800F5C27E /* FoodOffering.swift in Sources */,
				17F49747305E5EA700F5C27E /* AppUser.swift in Sources */,
				17F49720305E1D0200F5C27E /* Item.swift in Sources */,
				17F4975F305E5F1500F5C27E /* SettingsViewModel.swift in Sources */,
				17F49761305E5F1500F5C27E /* SettingsView.swift in Sources */,
			);
			runOnlyForDeploymentPostprocessing = 0;
		};
/* End PBXSourcesBuildPhase section */

/* Begin XCBuildConfiguration section */
		17F49713305E1CFC00F5C27E /* Debug */ = {
			isa = XCBuildConfiguration;
			buildSettings = {
				ALWAYS_SEARCH_USER_PATHS = NO;
				ASSETCATALOG_COMPILER_GENERATE_SWIFT_ASSET_SYMBOL_EXTENSIONS = YES;
				CLANG_ANALYZER_NONNULL = YES;
				CLANG_ANALYZER_NUMBER_OBJECT_CONVERSION = YES_AGGRESSIVE;
				CLANG_CXX_LANGUAGE_STANDARD = "gnu++20";
				CLANG_ENABLE_MODULES = YES;
				CLANG_ENABLE_OBJC_ARC = YES;
				CLANG_ENABLE_OBJC_WEAK = YES;
				CLANG_WARN_BLOCK_CAPTURE_AUTORELEASING = YES;
				CLANG_WARN_BOOL_CONVERSION = YES;
				CLANG_WARN_COMMA = YES;
				CLANG_WARN_CONSTANT_CONVERSION = YES;
				CLANG_WARN_DEPRECATED_OBJC_IMPLEMENTATIONS = YES;
				CLANG_WARN_DIRECT_OBJC_ISA_USAGE = YES_ERROR;
				CLANG_WARN_DOCUMENTATION_COMMENTS = YES;
				CLANG_WARN_EMPTY_BODY = YES;
				CLANG_WARN_ENUM_CONVERSION = YES;
				CLANG_WARN_INFINITE_RECURSION = YES;
				CLANG_WARN_INT_CONVERSION = YES;
				CLANG_WARN_NON_LITERAL_NULL_CONVERSION = YES;
				CLANG_WARN_OBJC_IMPLICIT_RETAIN_SELF = YES;
				CLANG_WARN_OBJC_LITERAL_CONVERSION = YES;
				CLANG_WARN_OBJC_ROOT_CLASS = YES_ERROR;
				CLANG_WARN_QUOTED_INCLUDE_IN_FRAMEWORK_HEADER = YES;
				CLANG_WARN_RANGE_LOOP_ANALYSIS = YES;
				CLANG_WARN_STRICT_PROTOTYPES = YES;
				CLANG_WARN_SUSPICIOUS_MOVE = YES;
				CLANG_WARN_UNGUARDED_AVAILABILITY = YES_AGGRESSIVE;
				CLANG_WARN_UNREACHABLE_CODE = YES;
				CLANG_WARN__DUPLICATE_METHOD_MATCH = YES;
				COPY_PHASE_STRIP = NO;
				DEBUG_INFORMATION_FORMAT = dwarf;
				ENABLE_STRICT_OBJC_MSGSEND = YES;
				ENABLE_TESTABILITY = YES;
				ENABLE_USER_SCRIPT_SANDBOXING = YES;
				GCC_C_LANGUAGE_STANDARD = gnu17;
				GCC_DYNAMIC_NO_PIC = NO;
				GCC_NO_COMMON_BLOCKS = YES;
				GCC_OPTIMIZATION_LEVEL = 0;
				GCC_PREPROCESSOR_DEFINITIONS = (
					"DEBUG=1",
					"$(inherited)",
				);
				GCC_WARN_64_TO_32_BIT_CONVERSION = YES;
				GCC_WARN_ABOUT_RETURN_TYPE = YES_ERROR;
				GCC_WARN_UNDECLARED_SELECTOR = YES;
				GCC_WARN_UNINITIALIZED_AUTOS = YES_AGGRESSIVE;
				GCC_WARN_UNUSED_FUNCTION = YES;
				GCC_WARN_UNUSED_VARIABLE = YES;
				IPHONEOS_DEPLOYMENT_TARGET = 26.5;
				LOCALIZATION_PREFERS_STRING_CATALOGS = YES;
				MTL_ENABLE_DEBUG_INFO = INCLUDE_SOURCE;
				MTL_FAST_MATH = YES;
				ONLY_ACTIVE_ARCH = YES;
				SDKROOT = iphoneos;
				SWIFT_ACTIVE_COMPILATION_CONDITIONS = "DEBUG $(inherited)";
				SWIFT_OPTIMIZATION_LEVEL = "-Onone";
			};
			name = Debug;
		};
		17F49714305E1CFC00F5C27E /* Release */ = {
			isa = XCBuildConfiguration;
			buildSettings = {
				ALWAYS_SEARCH_USER_PATHS = NO;
				ASSETCATALOG_COMPILER_GENERATE_SWIFT_ASSET_SYMBOL_EXTENSIONS = YES;
				CLANG_ANALYZER_NONNULL = YES;
				CLANG_ANALYZER_NUMBER_OBJECT_CONVERSION = YES_AGGRESSIVE;
				CLANG_CXX_LANGUAGE_STANDARD = "gnu++20";
				CLANG_ENABLE_MODULES = YES;
				CLANG_ENABLE_OBJC_ARC = YES;
				CLANG_ENABLE_OBJC_WEAK = YES;
				CLANG_WARN_BLOCK_CAPTURE_AUTORELEASING = YES;
				CLANG_WARN_BOOL_CONVERSION = YES;
				CLANG_WARN_COMMA = YES;
				CLANG_WARN_CONSTANT_CONVERSION = YES;
				CLANG_WARN_DEPRECATED_OBJC_IMPLEMENTATIONS = YES;
				CLANG_WARN_DIRECT_OBJC_ISA_USAGE = YES_ERROR;
				CLANG_WARN_DOCUMENTATION_COMMENTS = YES;
				CLANG_WARN_EMPTY_BODY = YES;
				CLANG_WARN_ENUM_CONVERSION = YES;
				CLANG_WARN_INFINITE_RECURSION = YES;
				CLANG_WARN_INT_CONVERSION = YES;
				CLANG_WARN_NON_LITERAL_NULL_CONVERSION = YES;
				CLANG_WARN_OBJC_IMPLICIT_RETAIN_SELF = YES;
				CLANG_WARN_OBJC_LITERAL_CONVERSION = YES;
				CLANG_WARN_OBJC_ROOT_CLASS = YES_ERROR;
				CLANG_WARN_QUOTED_INCLUDE_IN_FRAMEWORK_HEADER = YES;
				CLANG_WARN_RANGE_LOOP_ANALYSIS = YES;
				CLANG_WARN_STRICT_PROTOTYPES = YES;
				CLANG_WARN_SUSPICIOUS_MOVE = YES;
				CLANG_WARN_UNGUARDED_AVAILABILITY = YES_AGGRESSIVE;
				CLANG_WARN_UNREACHABLE_CODE = YES;
				CLANG_WARN__DUPLICATE_METHOD_MATCH = YES;
				COPY_PHASE_STRIP = NO;
				DEBUG_INFORMATION_FORMAT = "dwarf-with-dsym";
				ENABLE_NS_ASSERTIONS = NO;
				ENABLE_STRICT_OBJC_MSGSEND = YES;
				ENABLE_USER_SCRIPT_SANDBOXING = YES;
				GCC_C_LANGUAGE_STANDARD = gnu17;
				GCC_NO_COMMON_BLOCKS = YES;
				GCC_WARN_64_TO_32_BIT_CONVERSION = YES;
				GCC_WARN_ABOUT_RETURN_TYPE = YES_ERROR;
				GCC_WARN_UNDECLARED_SELECTOR = YES;
				GCC_WARN_UNINITIALIZED_AUTOS = YES_AGGRESSIVE;
				GCC_WARN_UNUSED_FUNCTION = YES;
				GCC_WARN_UNUSED_VARIABLE = YES;
				IPHONEOS_DEPLOYMENT_TARGET = 26.5;
				LOCALIZATION_PREFERS_STRING_CATALOGS = YES;
				MTL_ENABLE_DEBUG_INFO = NO;
				MTL_FAST_MATH = YES;
				SDKROOT = iphoneos;
				SWIFT_COMPILATION_MODE = wholemodule;
				VALIDATE_PRODUCT = YES;
			};
			name = Release;
		};
		17F49716305E1CFC00F5C27E /* Debug */ = {
			isa = XCBuildConfiguration;
			buildSettings = {
				ASSETCATALOG_COMPILER_APPICON_NAME = AppIcon;
				ASSETCATALOG_COMPILER_GLOBAL_ACCENT_COLOR_NAME = AccentColor;
				CODE_SIGN_STYLE = Automatic;
				CURRENT_PROJECT_VERSION = 1;
				DEVELOPMENT_TEAM = T547HV2QQM;
				ENABLE_PREVIEWS = YES;
				GENERATE_INFOPLIST_FILE = YES;
				INFOPLIST_KEY_NSLocationWhenInUseUsageDescription = "Needed to center map around user when the app is in use";
				INFOPLIST_KEY_UIApplicationSceneManifest_Generation = YES;
				INFOPLIST_KEY_UIApplicationSupportsIndirectInputEvents = YES;
				INFOPLIST_KEY_UILaunchScreen_Generation = YES;
				INFOPLIST_KEY_UISupportedInterfaceOrientations_iPad = "UIInterfaceOrientationPortrait UIInterfaceOrientationPortraitUpsideDown UIInterfaceOrientationLandscapeLeft UIInterfaceOrientationLandscapeRight";
				INFOPLIST_KEY_UISupportedInterfaceOrientations_iPhone = "UIInterfaceOrientationPortrait UIInterfaceOrientationLandscapeLeft UIInterfaceOrientationLandscapeRight";
				IPHONEOS_DEPLOYMENT_TARGET = 26.0;
				LD_RUNPATH_SEARCH_PATHS = (
					"$(inherited)",
					"@executable_path/Frameworks",
				);
				MARKETING_VERSION = 1.0;
				PRODUCT_BUNDLE_IDENTIFIER = com.bigba.Fullr;
				PRODUCT_NAME = "$(TARGET_NAME)";
				STRING_CATALOG_GENERATE_SYMBOLS = YES;
				SUPPORTED_PLATFORMS = "iphoneos iphonesimulator";
				SUPPORTS_MACCATALYST = NO;
				SUPPORTS_MAC_DESIGNED_FOR_IPHONE_IPAD = NO;
				SUPPORTS_XR_DESIGNED_FOR_IPHONE_IPAD = NO;
				SWIFT_APPROACHABLE_CONCURRENCY = YES;
				SWIFT_DEFAULT_ACTOR_ISOLATION = MainActor;
				SWIFT_EMIT_LOC_STRINGS = YES;
				SWIFT_UPCOMING_FEATURE_MEMBER_IMPORT_VISIBILITY = YES;
				SWIFT_VERSION = 5.0;
				TARGETED_DEVICE_FAMILY = "1,2";
			};
			name = Debug;
		};
		17F49717305E1CFC00F5C27E /* Release */ = {
			isa = XCBuildConfiguration;
			buildSettings = {
				ASSETCATALOG_COMPILER_APPICON_NAME = AppIcon;
				ASSETCATALOG_COMPILER_GLOBAL_ACCENT_COLOR_NAME = AccentColor;
				CODE_SIGN_STYLE = Automatic;
				CURRENT_PROJECT_VERSION = 1;
				DEVELOPMENT_TEAM = T547HV2QQM;
				ENABLE_PREVIEWS = YES;
				GENERATE_INFOPLIST_FILE = YES;
				INFOPLIST_KEY_NSLocationWhenInUseUsageDescription = "Needed to center map around user when the app is in use";
				INFOPLIST_KEY_UIApplicationSceneManifest_Generation = YES;
				INFOPLIST_KEY_UIApplicationSupportsIndirectInputEvents = YES;
				INFOPLIST_KEY_UILaunchScreen_Generation = YES;
				INFOPLIST_KEY_UISupportedInterfaceOrientations_iPad = "UIInterfaceOrientationPortrait UIInterfaceOrientationPortraitUpsideDown UIInterfaceOrientationLandscapeLeft UIInterfaceOrientationLandscapeRight";
				INFOPLIST_KEY_UISupportedInterfaceOrientations_iPhone = "UIInterfaceOrientationPortrait UIInterfaceOrientationLandscapeLeft UIInterfaceOrientationLandscapeRight";
				IPHONEOS_DEPLOYMENT_TARGET = 26.0;
				LD_RUNPATH_SEARCH_PATHS = (
					"$(inherited)",
					"@executable_path/Frameworks",
				);
				MARKETING_VERSION = 1.0;
				PRODUCT_BUNDLE_IDENTIFIER = com.bigba.Fullr;
				PRODUCT_NAME = "$(TARGET_NAME)";
				STRING_CATALOG_GENERATE_SYMBOLS = YES;
				SUPPORTED_PLATFORMS = "iphoneos iphonesimulator";
				SUPPORTS_MACCATALYST = NO;
				SUPPORTS_MAC_DESIGNED_FOR_IPHONE_IPAD = NO;
				SUPPORTS_XR_DESIGNED_FOR_IPHONE_IPAD = NO;
				SWIFT_APPROACHABLE_CONCURRENCY = YES;
				SWIFT_DEFAULT_ACTOR_ISOLATION = MainActor;
				SWIFT_EMIT_LOC_STRINGS = YES;
				SWIFT_UPCOMING_FEATURE_MEMBER_IMPORT_VISIBILITY = YES;
				SWIFT_VERSION = 5.0;
				TARGETED_DEVICE_FAMILY = "1,2";
			};
			name = Release;
		};
/* End XCBuildConfiguration section */

/* Begin XCConfigurationList section */
		17F49703305E1CFB00F5C27E /* Build configuration list for PBXProject "Fullr" */ = {
			isa = XCConfigurationList;
			buildConfigurations = (
				17F49713305E1CFC00F5C27E /* Debug */,
				17F49714305E1CFC00F5C27E /* Release */,
			);
			defaultConfigurationIsVisible = 0;
			defaultConfigurationName = Release;
		};
		17F49715305E1CFC00F5C27E /* Build configuration list for PBXNativeTarget "Fullr" */ = {
			isa = XCConfigurationList;
			buildConfigurations = (
				17F49716305E1CFC00F5C27E /* Debug */,
				17F49717305E1CFC00F5C27E /* Release */,
			);
			defaultConfigurationIsVisible = 0;
			defaultConfigurationName = Release;
		};
/* End XCConfigurationList section */

/* Begin XCRemoteSwiftPackageReference section */
		17F49764305F2BC200F5C27E /* XCRemoteSwiftPackageReference "Kingfisher" */ = {
			isa = XCRemoteSwiftPackageReference;
			repositoryURL = "https://github.com/onevcat/Kingfisher.git";
			requirement = {
				kind = upToNextMajorVersion;
				minimumVersion = 8.12.0;
			};
		};
/* End XCRemoteSwiftPackageReference section */

/* Begin XCSwiftPackageProductDependency section */
		17F49765305F2BC200F5C27E /* Kingfisher */ = {
			isa = XCSwiftPackageProductDependency;
			package = 17F49764305F2BC200F5C27E /* XCRemoteSwiftPackageReference "Kingfisher" */;
			productName = Kingfisher;
		};
/* End XCSwiftPackageProductDependency section */
	};
	rootObject = 17F49700305E1CFB00F5C27E /* Project object */;
}
